
Microsoft Visual Studio Solution File, Format Version 12.00
# Visual Studio Version 17
VisualStudioVersion = 17.10.35201.131
MinimumVisualStudioVersion = 10.0.40219.1
Project("{9A19103F-16F7-4668-BE54-9A1E7A4F7556}") = "InvEntry", "InvEntry\InvEntry.csproj", "{144670CB-6396-488C-A76D-2E03A3B69E78}"
EndProject
Project("{9A19103F-16F7-4668-BE54-9A1E7A4F7556}") = "InvEntry.Models", "InvEntry.Models\InvEntry.Models.csproj", "{C9B3514D-76D5-4993-B7DD-623B42BA3D4B}"
EndProject
Project("{2150E333-8FDC-42A3-9474-1A3956D46DE8}") = "Solution Items", "Solution Items", "{1DF041AD-ADBC-4F0C-BB73-D36410F29EA2}"
	ProjectSection(SolutionItems) = preProject
		.editorconfig = .editorconfig
		Nuget.config = Nuget.config
	EndProjectSection
EndProject
Project("{9A19103F-16F7-4668-BE54-9A1E7A4F7556}") = "InvEntry.Utils", "InvEntry.Utils\InvEntry.Utils.csproj", "{62605388-F429-453C-8E1E-EE7A060F76A1}"
EndProject
Project("{9A19103F-16F7-4668-BE54-9A1E7A4F7556}") = "DataAccess", "DataAccess\DataAccess.csproj", "{61C3C982-A51C-4623-9BED-2BDCA502A541}"
EndProject
Project("{9A19103F-16F7-4668-BE54-9A1E7A4F7556}") = "InvEntry.Test", "InvEntry.Test\InvEntry.Test.csproj", "{7C8C42A9-4CA1-47FC-BAAE-CD93D944ABB3}"
EndProject
Project("{9A19103F-16F7-4668-BE54-9A1E7A4F7556}") = "InvEntry.PlayTest", "InvEntry.PlayTest\InvEntry.PlayTest.csproj", "{F665BE88-3036-4256-A697-4941728A5EE8}"
EndProject
Project("{C7167F0D-BC9F-4E6E-AFE1-012C56B48DB5}") = "InvEntry.Packaging", "InvEntry.Packaging\InvEntry.Packaging.wapproj", "{A31EAC4D-2DA2-4FE4-AD61-58D147C7A310}"
EndProject
Global
	GlobalSection(SolutionConfigurationPlatforms) = preSolution
		Debug|Any CPU = Debug|Any CPU
		Debug|ARM = Debug|ARM
		Debug|ARM64 = Debug|ARM64
		Debug|x64 = Debug|x64
		Debug|x86 = Debug|x86
		Release|Any CPU = Release|Any CPU
		Release|ARM = Release|ARM
		Release|ARM64 = Release|ARM64
		Release|x64 = Release|x64
		Release|x86 = Release|x86
	EndGlobalSection
	GlobalSection(ProjectConfigurationPlatforms) = postSolution
		{144670CB-6396-488C-A76D-2E03A3B69E78}.Debug|Any CPU.ActiveCfg = Debug|Any CPU
		{144670CB-6396-488C-A76D-2E03A3B69E78}.Debug|Any CPU.Build.0 = Debug|Any CPU
		{144670CB-6396-488C-A76D-2E03A3B69E78}.Debug|ARM.ActiveCfg = Debug|Any CPU
		{144670CB-6396-488C-A76D-2E03A3B69E78}.Debug|ARM.Build.0 = Debug|Any CPU
		{144670CB-6396-488C-A76D-2E03A3B69E78}.Debug|ARM64.ActiveCfg = Debug|Any CPU
		{144670CB-6396-488C-A76D-2E03A3B69E78}.Debug|ARM64.Build.0 = Debug|Any CPU
		{144670CB-6396-488C-A76D-2E03A3B69E78}.Debug|x64.ActiveCfg = Debug|Any CPU
		{144670CB-6396-488C-A76D-2E03A3B69E78}.Debug|x64.Build.0 = Debug|Any CPU
		{144670CB-6396-488C-A76D-2E03A3B69E78}.Debug|x86.ActiveCfg = Debug|Any CPU
		{144670CB-6396-488C-A76D-2E03A3B69E78}.Debug|x86.Build.0 = Debug|Any CPU
		{144670CB-6396-488C-A76D-2E03A3B69E78}.Release|Any CPU.ActiveCfg = Release|Any CPU
		{144670CB-6396-488C-A76D-2E03A3B69E78}.Release|Any CPU.Build.0 = Release|Any CPU
		{144670CB-6396-488C-A76D-2E03A3B69E78}.Release|ARM.ActiveCfg = Release|Any CPU
		{144670CB-6396-488C-A76D-2E03A3B69E78}.Release|ARM.Build.0 = Release|Any CPU
		{144670CB-6396-488C-A76D-2E03A3B69E78}.Release|ARM64.ActiveCfg = Release|Any CPU
		{144670CB-6396-488C-A76D-2E03A3B69E78}.Release|ARM64.Build.0 = Release|Any CPU
		{144670CB-6396-488C-A76D-2E03A3B69E78}.Release|x64.ActiveCfg = Release|Any CPU
		{144670CB-6396-488C-A76D-2E03A3B69E78}.Release|x64.Build.0 = Release|Any CPU
		{144670CB-6396-488C-A76D-2E03A3B69E78}.Release|x86.ActiveCfg = Release|Any CPU
		{144670CB-6396-488C-A76D-2E03A3B69E78}.Release|x86.Build.0 = Release|Any CPU
		{C9B3514D-76D5-4993-B7DD-623B42BA3D4B}.Debug|Any CPU.ActiveCfg = Debug|Any CPU
		{C9B3514D-76D5-4993-B7DD-623B42BA3D4B}.Debug|Any CPU.Build.0 = Debug|Any CPU
		{C9B3514D-76D5-4993-B7DD-623B42BA3D4B}.Debug|ARM.ActiveCfg = Debug|Any CPU
		{C9B3514D-76D5-4993-B7DD-623B42BA3D4B}.Debug|ARM.Build.0 = Debug|Any CPU
		{C9B3514D-76D5-4993-B7DD-623B42BA3D4B}.Debug|ARM64.ActiveCfg = Debug|Any CPU
		{C9B3514D-76D5-4993-B7DD-623B42BA3D4B}.Debug|ARM64.Build.0 = Debug|Any CPU
		{C9B3514D-76D5-4993-B7DD-623B42BA3D4B}.Debug|x64.ActiveCfg = Debug|Any CPU
		{C9B3514D-76D5-4993-B7DD-623B42BA3D4B}.Debug|x64.Build.0 = Debug|Any CPU
		{C9B3514D-76D5-4993-B7DD-623B42BA3D4B}.Debug|x86.ActiveCfg = Debug|Any CPU
		{C9B3514D-76D5-4993-B7DD-623B42BA3D4B}.Debug|x86.Build.0 = Debug|Any CPU
		{C9B3514D-76D5-4993-B7DD-623B42BA3D4B}.Release|Any CPU.ActiveCfg = Release|Any CPU
		{C9B3514D-76D5-4993-B7DD-623B42BA3D4B}.Release|Any CPU.Build.0 = Release|Any CPU
		{C9B3514D-76D5-4993-B7DD-623B42BA3D4B}.Release|ARM.ActiveCfg = Release|Any CPU
		{C9B3514D-76D5-4993-B7DD-623B42BA3D4B}.Release|ARM.Build.0 = Release|Any CPU
		{C9B3514D-76D5-4993-B7DD-623B42BA3D4B}.Release|ARM64.ActiveCfg = Release|Any CPU
		{C9B3514D-76D5-4993-B7DD-623B42BA3D4B}.Release|ARM64.Build.0 = Release|Any CPU
		{C9B3514D-76D5-4993-B7DD-623B42BA3D4B}.Release|x64.ActiveCfg = Release|Any CPU
		{C9B3514D-76D5-4993-B7DD-623B42BA3D4B}.Release|x64.Build.0 = Release|Any CPU
		{C9B3514D-76D5-4993-B7DD-623B42BA3D4B}.Release|x86.ActiveCfg = Release|Any CPU
		{C9B3514D-76D5-4993-B7DD-623B42BA3D4B}.Release|x86.Build.0 = Release|Any CPU
		{62605388-F429-453C-8E1E-EE7A060F76A1}.Debug|Any CPU.ActiveCfg = Debug|Any CPU
		{62605388-F429-453C-8E1E-EE7A060F76A1}.Debug|Any CPU.Build.0 = Debug|Any CPU
		{62605388-F429-453C-8E1E-EE7A060F76A1}.Debug|ARM.ActiveCfg = Debug|Any CPU
		{62605388-F429-453C-8E1E-EE7A060F76A1}.Debug|ARM.Build.0 = Debug|Any CPU
		{62605388-F429-453C-8E1E-EE7A060F76A1}.Debug|ARM64.ActiveCfg = Debug|Any CPU
		{62605388-F429-453C-8E1E-EE7A060F76A1}.Debug|ARM64.Build.0 = Debug|Any CPU
		{62605388-F429-453C-8E1E-EE7A060F76A1}.Debug|x64.ActiveCfg = Debug|Any CPU
		{62605388-F429-453C-8E1E-EE7A060F76A1}.Debug|x64.Build.0 = Debug|Any CPU
		{62605388-F429-453C-8E1E-EE7A060F76A1}.Debug|x86.ActiveCfg = Debug|Any CPU
		{62605388-F429-453C-8E1E-EE7A060F76A1}.Debug|x86.Build.0 = Debug|Any CPU
		{62605388-F429-453C-8E1E-EE7A060F76A1}.Release|Any CPU.ActiveCfg = Release|Any CPU
		{62605388-F429-453C-8E1E-EE7A060F76A1}.Release|Any CPU.Build.0 = Release|Any CPU
		{62605388-F429-453C-8E1E-EE7A060F76A1}.Release|ARM.ActiveCfg = Release|Any CPU
		{62605388-F429-453C-8E1E-EE7A060F76A1}.Release|ARM.Build.0 = Release|Any CPU
		{62605388-F429-453C-8E1E-EE7A060F76A1}.Release|ARM64.ActiveCfg = Release|Any CPU
		{62605388-F429-453C-8E1E-EE7A060F76A1}.Release|ARM64.Build.0 = Release|Any CPU
		{62605388-F429-453C-8E1E-EE7A060F76A1}.Release|x64.ActiveCfg = Release|Any CPU
		{62605388-F429-453C-8E1E-EE7A060F76A1}.Release|x64.Build.0 = Release|Any CPU
		{62605388-F429-453C-8E1E-EE7A060F76A1}.Release|x86.ActiveCfg = Release|Any CPU
		{62605388-F429-453C-8E1E-EE7A060F76A1}.Release|x86.Build.0 = Release|Any CPU
		{61C3C982-A51C-4623-9BED-2BDCA502A541}.Debug|Any CPU.ActiveCfg = Debug|Any CPU
		{61C3C982-A51C-4623-9BED-2BDCA502A541}.Debug|Any CPU.Build.0 = Debug|Any CPU
		{61C3C982-A51C-4623-9BED-2BDCA502A541}.Debug|ARM.ActiveCfg = Debug|Any CPU
		{61C3C982-A51C-4623-9BED-2BDCA502A541}.Debug|ARM.Build.0 = Debug|Any CPU
		{61C3C982-A51C-4623-9BED-2BDCA502A541}.Debug|ARM64.ActiveCfg = Debug|Any CPU
		{61C3C982-A51C-4623-9BED-2BDCA502A541}.Debug|ARM64.Build.0 = Debug|Any CPU
		{61C3C982-A51C-4623-9BED-2BDCA502A541}.Debug|x64.ActiveCfg = Debug|Any CPU
		{61C3C982-A51C-4623-9BED-2BDCA502A541}.Debug|x64.Build.0 = Debug|Any CPU
		{61C3C982-A51C-4623-9BED-2BDCA502A541}.Debug|x86.ActiveCfg = Debug|Any CPU
		{61C3C982-A51C-4623-9BED-2BDCA502A541}.Debug|x86.Build.0 = Debug|Any CPU
		{61C3C982-A51C-4623-9BED-2BDCA502A541}.Release|Any CPU.ActiveCfg = Release|Any CPU
		{61C3C982-A51C-4623-9BED-2BDCA502A541}.Release|Any CPU.Build.0 = Release|Any CPU
		{61C3C982-A51C-4623-9BED-2BDCA502A541}.Release|ARM.ActiveCfg = Release|Any CPU
		{61C3C982-A51C-4623-9BED-2BDCA502A541}.Release|ARM.Build.0 = Release|Any CPU
		{61C3C982-A51C-4623-9BED-2BDCA502A541}.Release|ARM64.ActiveCfg = Release|Any CPU
		{61C3C982-A51C-4623-9BED-2BDCA502A541}.Release|ARM64.Build.0 = Release|Any CPU
		{61C3C982-A51C-4623-9BED-2BDCA502A541}.Release|x64.ActiveCfg = Release|Any CPU
		{61C3C982-A51C-4623-9BED-2BDCA502A541}.Release|x64.Build.0 = Release|Any CPU
		{61C3C982-A51C-4623-9BED-2BDCA502A541}.Release|x86.ActiveCfg = Release|Any CPU
		{61C3C982-A51C-4623-9BED-2BDCA502A541}.Release|x86.Build.0 = Release|Any CPU
		{7C8C42A9-4CA1-47FC-BAAE-CD93D944ABB3}.Debug|Any CPU.ActiveCfg = Debug|Any CPU
		{7C8C42A9-4CA1-47FC-BAAE-CD93D944ABB3}.Debug|Any CPU.Build.0 = Debug|Any CPU
		{7C8C42A9-4CA1-47FC-BAAE-CD93D944ABB3}.Debug|ARM.ActiveCfg = Debug|Any CPU
		{7C8C42A9-4CA1-47FC-BAAE-CD93D944ABB3}.Debug|ARM.Build.0 = Debug|Any CPU
		{7C8C42A9-4CA1-47FC-BAAE-CD93D944ABB3}.Debug|ARM64.ActiveCfg = Debug|Any CPU
		{7C8C42A9-4CA1-47FC-BAAE-CD93D944ABB3}.Debug|ARM64.Build.0 = Debug|Any CPU
		{7C8C42A9-4CA1-47FC-BAAE-CD93D944ABB3}.Debug|x64.ActiveCfg = Debug|Any CPU
		{7C8C42A9-4CA1-47FC-BAAE-CD93D944ABB3}.Debug|x64.Build.0 = Debug|Any CPU
		{7C8C42A9-4CA1-47FC-BAAE-CD93D944ABB3}.Debug|x86.ActiveCfg = Debug|Any CPU
		{7C8C42A9-4CA1-47FC-BAAE-CD93D944ABB3}.Debug|x86.Build.0 = Debug|Any CPU
		{7C8C42A9-4CA1-47FC-BAAE-CD93D944ABB3}.Release|Any CPU.ActiveCfg = Release|Any CPU
		{7C8C42A9-4CA1-47FC-BAAE-CD93D944ABB3}.Release|Any CPU.Build.0 = Release|Any CPU
		{7C8C42A9-4CA1-47FC-BAAE-CD93D944ABB3}.Release|ARM.ActiveCfg = Release|Any CPU
		{7C8C42A9-4CA1-47FC-BAAE-CD93D944ABB3}.Release|ARM.Build.0 = Release|Any CPU
		{7C8C42A9-4CA1-47FC-BAAE-CD93D944ABB3}.Release|ARM64.ActiveCfg = Release|Any CPU
		{7C8C42A9-4CA1-47FC-BAAE-CD93D944ABB3}.Release|ARM64.Build.0 = Release|Any CPU
		{7C8C42A9-4CA1-47FC-BAAE-CD93D944ABB3}.Release|x64.ActiveCfg = Release|Any CPU
		{7C8C42A9-4CA1-47FC-BAAE-CD93D944ABB3}.Release|x64.Build.0 = Release|Any CPU
		{7C8C42A9-4CA1-47FC-BAAE-CD93D944ABB3}.Release|x86.ActiveCfg = Release|Any CPU
		{7C8C42A9-4CA1-47FC-BAAE-CD93D944ABB3}.Release|x86.Build.0 = Release|Any CPU
		{F665BE88-3036-4256-A697-4941728A5EE8}.Debug|Any CPU.ActiveCfg = Debug|Any CPU
		{F665BE88-3036-4256-A697-4941728A5EE8}.Debug|Any CPU.Build.0 = Debug|Any CPU
		{F665BE88-3036-4256-A697-4941728A5EE8}.Debug|ARM.ActiveCfg = Debug|Any CPU
		{F665BE88-3036-4256-A697-4941728A5EE8}.Debug|ARM.Build.0 = Debug|Any CPU
		{F665BE88-3036-4256-A697-4941728A5EE8}.Debug|ARM64.ActiveCfg = Debug|Any CPU
		{F665BE88-3036-4256-A697-4941728A5EE8}.Debug|ARM64.Build.0 = Debug|Any CPU
		{F665BE88-3036-4256-A697-4941728A5EE8}.Debug|x64.ActiveCfg = Debug|Any CPU
		{F665BE88-3036-4256-A697-4941728A5EE8}.Debug|x64.Build.0 = Debug|Any CPU
		{F665BE88-3036-4256-A697-4941728A5EE8}.Debug|x86.ActiveCfg = Debug|Any CPU
		{F665BE88-3036-4256-A697-4941728A5EE8}.Debug|x86.Build.0 = Debug|Any CPU
		{F665BE88-3036-4256-A697-4941728A5EE8}.Release|Any CPU.ActiveCfg = Release|Any CPU
		{F665BE88-3036-4256-A697-4941728A5EE8}.Release|Any CPU.Build.0 = Release|Any CPU
		{F665BE88-3036-4256-A697-4941728A5EE8}.Release|ARM.ActiveCfg = Release|Any CPU
		{F665BE88-3036-4256-A697-4941728A5EE8}.Release|ARM.Build.0 = Release|Any CPU
		{F665BE88-3036-4256-A697-4941728A5EE8}.Release|ARM64.ActiveCfg = Release|Any CPU
		{F665BE88-3036-4256-A697-4941728A5EE8}.Release|ARM64.Build.0 = Release|Any CPU
		{F665BE88-3036-4256-A697-4941728A5EE8}.Release|x64.ActiveCfg = Release|Any CPU
		{F665BE88-3036-4256-A697-4941728A5EE8}.Release|x64.Build.0 = Release|Any CPU
		{F665BE88-3036-4256-A697-4941728A5EE8}.Release|x86.ActiveCfg = Release|Any CPU
		{F665BE88-3036-4256-A697-4941728A5EE8}.Release|x86.Build.0 = Release|Any CPU
		{A31EAC4D-2DA2-4FE4-AD61-58D147C7A310}.Debug|Any CPU.ActiveCfg = Debug|Any CPU
		{A31EAC4D-2DA2-4FE4-AD61-58D147C7A310}.Debug|Any CPU.Build.0 = Debug|Any CPU
		{A31EAC4D-2DA2-4FE4-AD61-58D147C7A310}.Debug|Any CPU.Deploy.0 = Debug|Any CPU
		{A31EAC4D-2DA2-4FE4-AD61-58D147C7A310}.Debug|ARM.ActiveCfg = Debug|ARM
		{A31EAC4D-2DA2-4FE4-AD61-58D147C7A310}.Debug|ARM.Build.0 = Debug|ARM
		{A31EAC4D-2DA2-4FE4-AD61-58D147C7A310}.Debug|ARM.Deploy.0 = Debug|ARM
		{A31EAC4D-2DA2-4FE4-AD61-58D147C7A310}.Debug|ARM64.ActiveCfg = Debug|ARM64
		{A31EAC4D-2DA2-4FE4-AD61-58D147C7A310}.Debug|ARM64.Build.0 = Debug|ARM64
		{A31EAC4D-2DA2-4FE4-AD61-58D147C7A310}.Debug|ARM64.Deploy.0 = Debug|ARM64
		{A31EAC4D-2DA2-4FE4-AD61-58D147C7A310}.Debug|x64.ActiveCfg = Debug|x64
		{A31EAC4D-2DA2-4FE4-AD61-58D147C7A310}.Debug|x64.Build.0 = Debug|x64
		{A31EAC4D-2DA2-4FE4-AD61-58D147C7A310}.Debug|x64.Deploy.0 = Debug|x64
		{A31EAC4D-2DA2-4FE4-AD61-58D147C7A310}.Debug|x86.ActiveCfg = Debug|x86
		{A31EAC4D-2DA2-4FE4-AD61-58D147C7A310}.Debug|x86.Build.0 = Debug|x86
		{A31EAC4D-2DA2-4FE4-AD61-58D147C7A310}.Debug|x86.Deploy.0 = Debug|x86
		{A31EAC4D-2DA2-4FE4-AD61-58D147C7A310}.Release|Any CPU.ActiveCfg = Release|Any CPU
		{A31EAC4D-2DA2-4FE4-AD61-58D147C7A310}.Release|Any CPU.Build.0 = Release|Any CPU
		{A31EAC4D-2DA2-4FE4-AD61-58D147C7A310}.Release|Any CPU.Deploy.0 = Release|Any CPU
		{A31EAC4D-2DA2-4FE4-AD61-58D147C7A310}.Release|ARM.ActiveCfg = Release|ARM
		{A31EAC4D-2DA2-4FE4-AD61-58D147C7A310}.Release|ARM.Build.0 = Release|ARM
		{A31EAC4D-2DA2-4FE4-AD61-58D147C7A310}.Release|ARM.Deploy.0 = Release|ARM
		{A31EAC4D-2DA2-4FE4-AD61-58D147C7A310}.Release|ARM64.ActiveCfg = Release|ARM64
		{A31EAC4D-2DA2-4FE4-AD61-58D147C7A310}.Release|ARM64.Build.0 = Release|ARM64
		{A31EAC4D-2DA2-4FE4-AD61-58D147C7A310}.Release|ARM64.Deploy.0 = Release|ARM64
		{A31EAC4D-2DA2-4FE4-AD61-58D147C7A310}.Release|x64.ActiveCfg = Release|x64
		{A31EAC4D-2DA2-4FE4-AD61-58D147C7A310}.Release|x64.Build.0 = Release|x64
		{A31EAC4D-2DA2-4FE4-AD61-58D147C7A310}.Release|x64.Deploy.0 = Release|x64
		{A31EAC4D-2DA2-4FE4-AD61-58D147C7A310}.Release|x86.ActiveCfg = Release|x86
		{A31EAC4D-2DA2-4FE4-AD61-58D147C7A310}.Release|x86.Build.0 = Release|x86
		{A31EAC4D-2DA2-4FE4-AD61-58D147C7A310}.Release|x86.Deploy.0 = Release|x86
	EndGlobalSection
	GlobalSection(SolutionProperties) = preSolution
		HideSolutionNode = FALSE
	EndGlobalSection
	GlobalSection(ExtensibilityGlobals) = postSolution
		SolutionGuid = {1AE0BB44-91DD-4724-B7E2-189452B42EDD}
	EndGlobalSection
EndGlobal
